
Microsoft Visual Studio Solution File, Format Version 12.00
# Visual Studio Version 17
VisualStudioVersion = 17.11.35327.3
MinimumVisualStudioVersion = 10.0.40219.1
Project("{FAE04EC0-301F-11D3-BF4B-00C04F79EFBC}") = "ServerMonitoringSystem", "ServerMonitoringSystem\ServerMonitoringSystem.csproj", "{FF294E1C-DF1C-4F49-9C92-8C981E90645E}"
EndProject
Project("{FAE04EC0-301F-11D3-BF4B-00C04F79EFBC}") = "MessagingLibrary", "MessagingLibrary\MessagingLibrary.csproj", "{3C401F93-2775-4176-BA30-BA1825ECCA67}"
EndProject
Global
	GlobalSection(SolutionConfigurationPlatforms) = preSolution
		Debug|Any CPU = Debug|Any CPU
		Release|Any CPU = Release|Any CPU
	EndGlobalSection
	GlobalSection(ProjectConfigurationPlatforms) = postSolution
		{FF294E1C-DF1C-4F49-9C92-8C981E90645E}.Debug|Any CPU.ActiveCfg = Debug|Any CPU
		{FF294E1C-DF1C-4F49-9C92-8C981E90645E}.Debug|Any CPU.Build.0 = Debug|Any CPU
		{FF294E1C-DF1C-4F49-9C92-8C981E90645E}.Release|Any CPU.ActiveCfg = Release|Any CPU
		{FF294E1C-DF1C-4F49-9C92-8C981E90645E}.Release|Any CPU.Build.0 = Release|Any CPU
		{3C401F93-2775-4176-BA30-BA1825ECCA67}.Debug|Any CPU.ActiveCfg = Debug|Any CPU
		{3C401F93-2775-4176-BA30-BA1825ECCA67}.Debug|Any CPU.Build.0 = Debug|Any CPU
		{3C401F93-2775-4176-BA30-BA1825ECCA67}.Release|Any CPU.ActiveCfg = Release|Any CPU
		{3C401F93-2775-4176-BA30-BA1825ECCA67}.Release|Any CPU.Build.0 = Release|Any CPU
	EndGlobalSection
	GlobalSection(SolutionProperties) = preSolution
		HideSolutionNode = FALSE
	EndGlobalSection
	GlobalSection(ExtensibilityGlobals) = postSolution
		SolutionGuid = {B74F15B0-EBA3-41BB-9C2F-E07AB79B163C}
	EndGlobalSection
EndGlobal
